Microsoft Visual Studio Solution File, Format Version 12.00
# Visual Studio 15
VisualStudioVersion = 15.0.28307.168
MinimumVisualStudioVersion = 10.0.40219.1
Project("{F184B08F-C81C-45F6-A57F-5ABD9991F28F}") = "Scheduler-ICalendar", "Scheduler-ICalendar.vbproj", "{024EE31D-9997-47C3-B318-42ED918635BF}"
EndProject
Global
	GlobalSection(SolutionConfigurationPlatforms) = preSolution
		Debug|x86 = Debug|x86
		Release|x86 = Release|x86
	EndGlobalSection
	GlobalSection(ProjectConfigurationPlatforms) = postSolution
		{024EE31D-9997-47C3-B318-42ED918635BF}.Debug|x86.ActiveCfg = Debug|x86
		{024EE31D-9997-47C3-B318-42ED918635BF}.Debug|x86.Build.0 = Debug|x86
		{024EE31D-9997-47C3-B318-42ED918635BF}.Release|x86.ActiveCfg = Release|x86
		{024EE31D-9997-47C3-B318-42ED918635BF}.Release|x86.Build.0 = Release|x86
	EndGlobalSection
	GlobalSection(SolutionProperties) = preSolution
		HideSolutionNode = FALSE
	EndGlobalSection
	GlobalSection(ExtensibilityGlobals) = postSolution
		SolutionGuid = {7D1FF814-0319-41EC-9CC9-ED17DF88B9FA}
	EndGlobalSection
EndGlobal
